
Microsoft Visual Studio Solution File, Format Version 12.00
# Visual Studio Version 16
VisualStudioVersion = 16.0.29403.142
MinimumVisualStudioVersion = 10.0.40219.1
Project("{FAE04EC0-301F-11D3-BF4B-00C04F79EFBC}") = "WindowsAuthenticationGroupsWithAutoLogonIssues", "WindowsAuthenticationGroupsWithAutoLogonIssues.csproj", "{265DD90C-E953-49D2-BC49-22FC89D422CA}"
EndProject
Global
	GlobalSection(SolutionConfigurationPlatforms) = preSolution
		Debug|Any CPU = Debug|Any CPU
		Release|Any CPU = Release|Any CPU
	EndGlobalSection
	GlobalSection(ProjectConfigurationPlatforms) = postSolution
		{265DD90C-E953-49D2-BC49-22FC89D422CA}.Debug|Any CPU.ActiveCfg = Debug|Any CPU
		{265DD90C-E953-49D2-BC49-22FC89D422CA}.Debug|Any CPU.Build.0 = Debug|Any CPU
		{265DD90C-E953-49D2-BC49-22FC89D422CA}.Release|Any CPU.ActiveCfg = Release|Any CPU
		{265DD90C-E953-49D2-BC49-22FC89D422CA}.Release|Any CPU.Build.0 = Release|Any CPU
	EndGlobalSection
	GlobalSection(SolutionProperties) = preSolution
		HideSolutionNode = FALSE
	EndGlobalSection
	GlobalSection(ExtensibilityGlobals) = postSolution
		SolutionGuid = {DDA29EC6-4764-48B9-ADC1-AA71FD168BD9}
	EndGlobalSection
EndGlobal
